
Microsoft Visual Studio Solution File, Format Version 12.00
# Visual Studio Version 16
VisualStudioVersion = 16.0.30406.217
MinimumVisualStudioVersion = 10.0.40219.1
Project("{FAE04EC0-301F-11D3-BF4B-00C04F79EFBC}") = "Challenge.Utilities.LogParser", "Challenge.Utilities.LogParser.csproj", "{5F48870B-BADB-4570-8B68-A4965FEDA6CB}"
EndProject
Project("{FAE04EC0-301F-11D3-BF4B-00C04F79EFBC}") = "Challenge.Utilities.LogParser.Tests", "..\Challenge.Utilities.LogParser.Tests\Challenge.Utilities.LogParser.Tests.csproj", "{974D86DE-80C2-4B26-8205-F2DE3F407DA9}"
EndProject
Project("{FAE04EC0-301F-11D3-BF4B-00C04F79EFBC}") = "Challenge.Utilities.LogParser.Sample", "..\Challenge.Utilities.LogParser.Sample\Challenge.Utilities.LogParser.Sample.csproj", "{9F19D017-1013-4009-9AD3-944E9D95232E}"
EndProject
Global
	GlobalSection(SolutionConfigurationPlatforms) = preSolution
		Debug|Any CPU = Debug|Any CPU
		Release|Any CPU = Release|Any CPU
	EndGlobalSection
	GlobalSection(ProjectConfigurationPlatforms) = postSolution
		{5F48870B-BADB-4570-8B68-A4965FEDA6CB}.Debug|Any CPU.ActiveCfg = Debug|Any CPU
		{5F48870B-BADB-4570-8B68-A4965FEDA6CB}.Debug|Any CPU.Build.0 = Debug|Any CPU
		{5F48870B-BADB-4570-8B68-A4965FEDA6CB}.Release|Any CPU.ActiveCfg = Release|Any CPU
		{5F48870B-BADB-4570-8B68-A4965FEDA6CB}.Release|Any CPU.Build.0 = Release|Any CPU
		{974D86DE-80C2-4B26-8205-F2DE3F407DA9}.Debug|Any CPU.ActiveCfg = Debug|Any CPU
		{974D86DE-80C2-4B26-8205-F2DE3F407DA9}.Debug|Any CPU.Build.0 = Debug|Any CPU
		{974D86DE-80C2-4B26-8205-F2DE3F407DA9}.Release|Any CPU.ActiveCfg = Release|Any CPU
		{974D86DE-80C2-4B26-8205-F2DE3F407DA9}.Release|Any CPU.Build.0 = Release|Any CPU
		{9F19D017-1013-4009-9AD3-944E9D95232E}.Debug|Any CPU.ActiveCfg = Debug|Any CPU
		{9F19D017-1013-4009-9AD3-944E9D95232E}.Debug|Any CPU.Build.0 = Debug|Any CPU
		{9F19D017-1013-4009-9AD3-944E9D95232E}.Release|Any CPU.ActiveCfg = Release|Any CPU
		{9F19D017-1013-4009-9AD3-944E9D95232E}.Release|Any CPU.Build.0 = Release|Any CPU
	EndGlobalSection
	GlobalSection(SolutionProperties) = preSolution
		HideSolutionNode = FALSE
	EndGlobalSection
	GlobalSection(ExtensibilityGlobals) = postSolution
		SolutionGuid = {90381F55-B67F-46A1-B876-22BA2D267DBD}
	EndGlobalSection
EndGlobal
